
Microsoft Visual Studio Solution File, Format Version 12.00
# Visual Studio 15
VisualStudioVersion = 15.0.28307.1972
MinimumVisualStudioVersion = 10.0.40219.1
Project("{FAE04EC0-301F-11D3-BF4B-00C04F79EFBC}") = "Lesson7", "Lesson7\Lesson7.csproj", "{389AE2BF-07F1-4C0A-AA2A-D7470410144D}"
EndProject
Global
	GlobalSection(SolutionConfigurationPlatforms) = preSolution
		Debug|Any CPU = Debug|Any CPU
		Release|Any CPU = Release|Any CPU
	EndGlobalSection
	GlobalSection(ProjectConfigurationPlatforms) = postSolution
		{389AE2BF-07F1-4C0A-AA2A-D7470410144D}.Debug|Any CPU.ActiveCfg = Debug|Any CPU
		{389AE2BF-07F1-4C0A-AA2A-D7470410144D}.Debug|Any CPU.Build.0 = Debug|Any CPU
		{389AE2BF-07F1-4C0A-AA2A-D7470410144D}.Release|Any CPU.ActiveCfg = Release|Any CPU
		{389AE2BF-07F1-4C0A-AA2A-D7470410144D}.Release|Any CPU.Build.0 = Release|Any CPU
	EndGlobalSection
	GlobalSection(SolutionProperties) = preSolution
		HideSolutionNode = FALSE
	EndGlobalSection
	GlobalSection(ExtensibilityGlobals) = postSolution
		SolutionGuid = {FFC8BF17-C27F-491E-B3FF-749D030289F4}
	EndGlobalSection
EndGlobal
